
Microsoft Visual Studio Solution File, Format Version 12.00
# Visual Studio Version 17
VisualStudioVersion = 17.7.34221.43
MinimumVisualStudioVersion = 10.0.40219.1
Project("{FAE04EC0-301F-11D3-BF4B-00C04F79EFBC}") = "5by5-Iterator", "5by5-Iterator\5by5-Iterator.csproj", "{AC5288E0-6982-4F65-A971-88C5FC40891D}"
EndProject
Global
	GlobalSection(SolutionConfigurationPlatforms) = preSolution
		Debug|Any CPU = Debug|Any CPU
		Release|Any CPU = Release|Any CPU
	EndGlobalSection
	GlobalSection(ProjectConfigurationPlatforms) = postSolution
		{AC5288E0-6982-4F65-A971-88C5FC40891D}.Debug|Any CPU.ActiveCfg = Debug|Any CPU
		{AC5288E0-6982-4F65-A971-88C5FC40891D}.Debug|Any CPU.Build.0 = Debug|Any CPU
		{AC5288E0-6982-4F65-A971-88C5FC40891D}.Release|Any CPU.ActiveCfg = Release|Any CPU
		{AC5288E0-6982-4F65-A971-88C5FC40891D}.Release|Any CPU.Build.0 = Release|Any CPU
	EndGlobalSection
	GlobalSection(SolutionProperties) = preSolution
		HideSolutionNode = FALSE
	EndGlobalSection
	GlobalSection(ExtensibilityGlobals) = postSolution
		SolutionGuid = {8C33603C-E9F7-47EB-B4E8-B5E048B9B11E}
	EndGlobalSection
EndGlobal
